// !$*UTF8*$!
{
	archiveVersion = 1;
	classes = {
	};
	objectVersion = 56;
	objects = {

/* Begin PBXBuildFile section */
		821ABBAB2C158A0A009C38B2 /* SwiftDemoApp.swift in Sources */ = {isa = PBXBuildFile; fileRef = 821ABBAA2C158A0A009C38B2 /* SwiftDemoApp.swift */; };
		821ABBAD2C158A0A009C38B2 /* ContentView.swift in Sources */ = {isa = PBXBuildFile; fileRef = 821ABBAC2C158A0A009C38B2 /* ContentView.swift */; };
		821ABBAF2C158A0D009C38B2 /* Assets.xcassets in Resources */ = {isa = PBXBuildFile; fileRef = 821ABBAE2C158A0D009C38B2 /* Assets.xcassets */; };
		821ABBB22C158A0D009C38B2 /* Preview Assets.xcassets in Resources */ = {isa = PBXBuildFile; fileRef = 821ABBB12C158A0D009C38B2 /* Preview Assets.xcassets */; };
		821ABBB92C15F2C4009C38B2 /* TitleText.swift in Sources */ = {isa = PBXBuildFile; fileRef = 821ABBB82C15F2C4009C38B2 /* TitleText.swift */; };
		821ABBBB2C15F5CB009C38B2 /* SubtitleText.swift in Sources */ = {isa = PBXBuildFile; fileRef = 821ABBBA2C15F5CB009C38B2 /* SubtitleText.swift */; };
		821ABBBD2C15F5F5009C38B2 /* BannerText.swift in Sources */ = {isa = PBXBuildFile; fileRef = 821ABBBC2C15F5F5009C38B2 /* BannerText.swift */; };
		821ABBBF2C15F61C009C38B2 /* TriggerView.swift in Sources */ = {isa = PBXBuildFile; fileRef = 821ABBBE2C15F61C009C38B2 /* TriggerView.swift */; };
		821ABBC12C169440009C38B2 /* PickerView.swift in Sources */ = {isa = PBXBuildFile; fileRef = 821ABBC02C169440009C38B2 /* PickerView.swift */; };
		821ABBC32C16A97C009C38B2 /* SliderView.swift in Sources */ = {isa = PBXBuildFile; fileRef = 821ABBC22C16A97C009C38B2 /* SliderView.swift */; };
		821ABBC52C16AA11009C38B2 /* StepperView.swift in Sources */ = {isa = PBXBuildFile; fileRef = 821ABBC42C16AA11009C38B2 /* StepperView.swift */; };
		821CC1182C1734BB005618F8 /* TriggerView1.swift in Sources */ = {isa = PBXBuildFile; fileRef = 821CC1172C1734BB005618F8 /* TriggerView1.swift */; };
		821CC11A2C1736A5005618F8 /* DragGestureView.swift in Sources */ = {isa = PBXBuildFile; fileRef = 821CC1192C1736A5005618F8 /* DragGestureView.swift */; };
		821CC11C2C1744D9005618F8 /* GestureRotationView.swift in Sources */ = {isa = PBXBuildFile; fileRef = 821CC11B2C1744D9005618F8 /* GestureRotationView.swift */; };
		821CC1202C1749E8005618F8 /* TriggerScrollView.swift in Sources */ = {isa = PBXBuildFile; fileRef = 821CC11F2C1749E8005618F8 /* TriggerScrollView.swift */; };
		821CC1222C174A6E005618F8 /* PopupView.swift in Sources */ = {isa = PBXBuildFile; fileRef = 821CC1212C174A6E005618F8 /* PopupView.swift */; };
		821CC1262C17F455005618F8 /* DurationView.swift in Sources */ = {isa = PBXBuildFile; fileRef = 821CC1252C17F455005618F8 /* DurationView.swift */; };
		821CC1282C17F76D005618F8 /* LongDurationView.swift in Sources */ = {isa = PBXBuildFile; fileRef = 821CC1272C17F76D005618F8 /* LongDurationView.swift */; };
		821CC12A2C17F965005618F8 /* RepeatCountView.swift in Sources */ = {isa = PBXBuildFile; fileRef = 821CC1292C17F965005618F8 /* RepeatCountView.swift */; };
/* End PBXBuildFile section */

/* Begin PBXFileReference section */
		821ABBA72C158A0A009C38B2 /* SwiftDemo.app */ = {isa = PBXFileReference; explicitFileType = wrapper.application; includeInIndex = 0; path = SwiftDemo.app; sourceTree = BUILT_PRODUCTS_DIR; };
		821ABBAA2C158A0A009C38B2 /* SwiftDemoApp.swift */ = {isa = PBXFileReference; lastKnownFileType = sourcecode.swift; path = SwiftDemoApp.swift; sourceTree = "<group>"; };
		821ABBAC2C158A0A009C38B2 /* ContentView.swift */ = {isa = PBXFileReference; lastKnownFileType = sourcecode.swift; path = ContentView.swift; sourceTree = "<group>"; };
		821ABBAE2C158A0D009C38B2 /* Assets.xcassets */ = {isa = PBXFileReference; lastKnownFileType = folder.assetcatalog; path = Assets.xcassets; sourceTree = "<group>"; };
		821ABBB12C158A0D009C38B2 /* Preview Assets.xcassets */ = {isa = PBXFileReference; lastKnownFileType = folder.assetcatalog; path = "Preview Assets.xcassets"; sourceTree = "<group>"; };
		821ABBB82C15F2C4009C38B2 /* TitleText.swift */ = {isa = PBXFileReference; lastKnownFileType = sourcecode.swift; path = TitleText.swift; sourceTree = "<group>"; };
		821ABBBA2C15F5CB009C38B2 /* SubtitleText.swift */ = {isa = PBXFileReference; lastKnownFileType = sourcecode.swift; path = SubtitleText.swift; sourceTree = "<group>"; };
		821ABBBC2C15F5F5009C38B2 /* BannerText.swift */ = {isa = PBXFileReference; lastKnownFileType = sourcecode.swift; path = BannerText.swift; sourceTree = "<group>"; };
		821ABBBE2C15F61C009C38B2 /* TriggerView.swift */ = {isa = PBXFileReference; lastKnownFileType = sourcecode.swift; path = TriggerView.swift; sourceTree = "<group>"; };
		821ABBC02C169440009C38B2 /* PickerView.swift */ = {isa = PBXFileReference; lastKnownFileType = sourcecode.swift; path = PickerView.swift; sourceTree = "<group>"; };
		821ABBC22C16A97C009C38B2 /* SliderView.swift */ = {isa = PBXFileReference; lastKnownFileType = sourcecode.swift; path = SliderView.swift; sourceTree = "<group>"; };
		821ABBC42C16AA11009C38B2 /* StepperView.swift */ = {isa = PBXFileReference; lastKnownFileType = sourcecode.swift; path = StepperView.swift; sourceTree = "<group>"; };
		821CC1172C1734BB005618F8 /* TriggerView1.swift */ = {isa = PBXFileReference; lastKnownFileType = sourcecode.swift; path = TriggerView1.swift; sourceTree = "<group>"; };
		821CC1192C1736A5005618F8 /* DragGestureView.swift */ = {isa = PBXFileReference; lastKnownFileType = sourcecode.swift; path = DragGestureView.swift; sourceTree = "<group>"; };
		821CC11B2C1744D9005618F8 /* GestureRotationView.swift */ = {isa = PBXFileReference; lastKnownFileType = sourcecode.swift; path = GestureRotationView.swift; sourceTree = "<group>"; };
		821CC11F2C1749E8005618F8 /* TriggerScrollView.swift */ = {isa = PBXFileReference; lastKnownFileType = sourcecode.swift; path = TriggerScrollView.swift; sourceTree = "<group>"; };
		821CC1212C174A6E005618F8 /* PopupView.swift */ = {isa = PBXFileReference; lastKnownFileType = sourcecode.swift; path = PopupView.swift; sourceTree = "<group>"; };
		821CC1252C17F455005618F8 /* DurationView.swift */ = {isa = PBXFileReference; lastKnownFileType = sourcecode.swift; path = DurationView.swift; sourceTree = "<group>"; };
		821CC1272C17F76D005618F8 /* LongDurationView.swift */ = {isa = PBXFileReference; lastKnownFileType = sourcecode.swift; path = LongDurationView.swift; sourceTree = "<group>"; };
		821CC1292C17F965005618F8 /* RepeatCountView.swift */ = {isa = PBXFileReference; lastKnownFileType = sourcecode.swift; path = RepeatCountView.swift; sourceTree = "<group>"; };
/* End PBXFileReference section */

/* Begin PBXFrameworksBuildPhase section */
		821ABBA42C158A0A009C38B2 /* Frameworks */ = {
			isa = PBXFrameworksBuildPhase;
			buildActionMask = 2147483647;
			files = (
			);
			runOnlyForDeploymentPostprocessing = 0;
		};
/* End PBXFrameworksBuildPhase section */

/* Begin PBXGroup section */
		821ABB9E2C158A0A009C38B2 = {
			isa = PBXGroup;
			children = (
				821ABBA92C158A0A009C38B2 /* SwiftDemo */,
				821ABBA82C158A0A009C38B2 /* Products */,
			);
			sourceTree = "<group>";
		};
		821ABBA82C158A0A009C38B2 /* Products */ = {
			isa = PBXGroup;
			children = (
				821ABBA72C158A0A009C38B2 /* SwiftDemo.app */,
			);
			name = Products;
			sourceTree = "<group>";
		};
		821ABBA92C158A0A009C38B2 /* SwiftDemo */ = {
			isa = PBXGroup;
			children = (
				821ABBAA2C158A0A009C38B2 /* SwiftDemoApp.swift */,
				821ABBAC2C158A0A009C38B2 /* ContentView.swift */,
				821ABBBE2C15F61C009C38B2 /* TriggerView.swift */,
				821CC1172C1734BB005618F8 /* TriggerView1.swift */,
				821CC1192C1736A5005618F8 /* DragGestureView.swift */,
				821CC1252C17F455005618F8 /* DurationView.swift */,
				821CC1272C17F76D005618F8 /* LongDurationView.swift */,
				821CC1292C17F965005618F8 /* RepeatCountView.swift */,
				821CC11B2C1744D9005618F8 /* GestureRotationView.swift */,
				821CC11F2C1749E8005618F8 /* TriggerScrollView.swift */,
				821CC1212C174A6E005618F8 /* PopupView.swift */,
				821ABBBC2C15F5F5009C38B2 /* BannerText.swift */,
				821ABBC02C169440009C38B2 /* PickerView.swift */,
				821ABBC22C16A97C009C38B2 /* SliderView.swift */,
				821ABBC42C16AA11009C38B2 /* StepperView.swift */,
				821ABBBA2C15F5CB009C38B2 /* SubtitleText.swift */,
				821ABBB82C15F2C4009C38B2 /* TitleText.swift */,
				821ABBAE2C158A0D009C38B2 /* Assets.xcassets */,
				821ABBB02C158A0D009C38B2 /* Preview Content */,
			);
			path = SwiftDemo;
			sourceTree = "<group>";
		};
		821ABBB02C158A0D009C38B2 /* Preview Content */ = {
			isa = PBXGroup;
			children = (
				821ABBB12C158A0D009C38B2 /* Preview Assets.xcassets */,
			);
			path = "Preview Content";
			sourceTree = "<group>";
		};
/* End PBXGroup section */

/* Begin PBXNativeTarget section */
		821ABBA62C158A0A009C38B2 /* SwiftDemo */ = {
			isa = PBXNativeTarget;
			buildConfigurationList = 821ABBB52C158A0D009C38B2 /* Build configuration list for PBXNativeTarget "SwiftDemo" */;
			buildPhases = (
				821ABBA32C158A0A009C38B2 /* Sources */,
				821ABBA42C158A0A009C38B2 /* Frameworks */,
				821ABBA52C158A0A009C38B2 /* Resources */,
			);
			buildRules = (
			);
			dependencies = (
			);
			name = SwiftDemo;
			productName = SwiftDemo;
			productReference = 821ABBA72C158A0A009C38B2 /* SwiftDemo.app */;
			productType = "com.apple.product-type.application";
		};
/* End PBXNativeTarget section */

/* Begin PBXProject section */
		821ABB9F2C158A0A009C38B2 /* Project object */ = {
			isa = PBXProject;
			attributes = {
				BuildIndependentTargetsInParallel = 1;
				LastSwiftUpdateCheck = 1540;
				LastUpgradeCheck = 1540;
				TargetAttributes = {
					821ABBA62C158A0A009C38B2 = {
						CreatedOnToolsVersion = 15.4;
					};
				};
			};
			buildConfigurationList = 821ABBA22C158A0A009C38B2 /* Build configuration list for PBXProject "SwiftDemo" */;
			compatibilityVersion = "Xcode 14.0";
			developmentRegion = en;
			hasScannedForEncodings = 0;
			knownRegions = (
				en,
				Base,
			);
			mainGroup = 821ABB9E2C158A0A009C38B2;
			productRefGroup = 821ABBA82C158A0A009C38B2 /* Products */;
			projectDirPath = "";
			projectRoot = "";
			targets = (
				821ABBA62C158A0A009C38B2 /* SwiftDemo */,
			);
		};
/* End PBXProject section */

/* Begin PBXResourcesBuildPhase section */
		821ABBA52C158A0A009C38B2 /* Resources */ = {
			isa = PBXResourcesBuildPhase;
			buildActionMask = 2147483647;
			files = (
				821ABBB22C158A0D009C38B2 /* Preview Assets.xcassets in Resources */,
				821ABBAF2C158A0D009C38B2 /* Assets.xcassets in Resources */,
			);
			runOnlyForDeploymentPostprocessing = 0;
		};
/* End PBXResourcesBuildPhase section */

/* Begin PBXSourcesBuildPhase section */
		821ABBA32C158A0A009C38B2 /* Sources */ = {
			isa = PBXSourcesBuildPhase;
			buildActionMask = 2147483647;
			files = (
				821ABBAD2C158A0A009C38B2 /* ContentView.swift in Sources */,
				821ABBC32C16A97C009C38B2 /* SliderView.swift in Sources */,
				821CC1282C17F76D005618F8 /* LongDurationView.swift in Sources */,
				821CC1202C1749E8005618F8 /* TriggerScrollView.swift in Sources */,
				821ABBBF2C15F61C009C38B2 /* TriggerView.swift in Sources */,
				821ABBB92C15F2C4009C38B2 /* TitleText.swift in Sources */,
				821ABBC52C16AA11009C38B2 /* StepperView.swift in Sources */,
				821CC1182C1734BB005618F8 /* TriggerView1.swift in Sources */,
				821CC1262C17F455005618F8 /* DurationView.swift in Sources */,
				821CC12A2C17F965005618F8 /* RepeatCountView.swift in Sources */,
				821CC1222C174A6E005618F8 /* PopupView.swift in Sources */,
				821ABBBB2C15F5CB009C38B2 /* SubtitleText.swift in Sources */,
				821ABBBD2C15F5F5009C38B2 /* BannerText.swift in Sources */,
				821CC11A2C1736A5005618F8 /* DragGestureView.swift in Sources */,
				821ABBC12C169440009C38B2 /* PickerView.swift in Sources */,
				821CC11C2C1744D9005618F8 /* GestureRotationView.swift in Sources */,
				821ABBAB2C158A0A009C38B2 /* SwiftDemoApp.swift in Sources */,
			);
			runOnlyForDeploymentPostprocessing = 0;
		};
/* End PBXSourcesBuildPhase section */

/* Begin XCBuildConfiguration section */
		821ABBB32C158A0D009C38B2 /* Debug */ = {
			isa = XCBuildConfiguration;
			buildSettings = {
				ALWAYS_SEARCH_USER_PATHS = NO;
				ASSETCATALOG_COMPILER_GENERATE_SWIFT_ASSET_SYMBOL_EXTENSIONS = YES;
				CLANG_ANALYZER_NONNULL = YES;
				CLANG_ANALYZER_NUMBER_OBJECT_CONVERSION = YES_AGGRESSIVE;
				CLANG_CXX_LANGUAGE_STANDARD = "gnu++20";
				CLANG_ENABLE_MODULES = YES;
				CLANG_ENABLE_OBJC_ARC = YES;
				CLANG_ENABLE_OBJC_WEAK = YES;
				CLANG_WARN_BLOCK_CAPTURE_AUTORELEASING = YES;
				CLANG_WARN_BOOL_CONVERSION = YES;
				CLANG_WARN_COMMA = YES;
				CLANG_WARN_CONSTANT_CONVERSION = YES;
				CLANG_WARN_DEPRECATED_OBJC_IMPLEMENTATIONS = YES;
				CLANG_WARN_DIRECT_OBJC_ISA_USAGE = YES_ERROR;
				CLANG_WARN_DOCUMENTATION_COMMENTS = YES;
				CLANG_WARN_EMPTY_BODY = YES;
				CLANG_WARN_ENUM_CONVERSION = YES;
				CLANG_WARN_INFINITE_RECURSION = YES;
				CLANG_WARN_INT_CONVERSION = YES;
				CLANG_WARN_NON_LITERAL_NULL_CONVERSION = YES;
				CLANG_WARN_OBJC_IMPLICIT_RETAIN_SELF = YES;
				CLANG_WARN_OBJC_LITERAL_CONVERSION = YES;
				CLANG_WARN_OBJC_ROOT_CLASS = YES_ERROR;
				CLANG_WARN_QUOTED_INCLUDE_IN_FRAMEWORK_HEADER = YES;
				CLANG_WARN_RANGE_LOOP_ANALYSIS = YES;
				CLANG_WARN_STRICT_PROTOTYPES = YES;
				CLANG_WARN_SUSPICIOUS_MOVE = YES;
				CLANG_WARN_UNGUARDED_AVAILABILITY = YES_AGGRESSIVE;
				CLANG_WARN_UNREACHABLE_CODE = YES;
				CLANG_WARN__DUPLICATE_METHOD_MATCH = YES;
				COPY_PHASE_STRIP = NO;
				DEBUG_INFORMATION_FORMAT = dwarf;
				ENABLE_STRICT_OBJC_MSGSEND = YES;
				ENABLE_TESTABILITY = YES;
				ENABLE_USER_SCRIPT_SANDBOXING = YES;
				GCC_C_LANGUAGE_STANDARD = gnu17;
				GCC_DYNAMIC_NO_PIC = NO;
				GCC_NO_COMMON_BLOCKS = YES;
				GCC_OPTIMIZATION_LEVEL = 0;
				GCC_PREPROCESSOR_DEFINITIONS = (
					"DEBUG=1",
					"$(inherited)",
				);
				GCC_WARN_64_TO_32_BIT_CONVERSION = YES;
				GCC_WARN_ABOUT_RETURN_TYPE = YES_ERROR;
				GCC_WARN_UNDECLARED_SELECTOR = YES;
				GCC_WARN_UNINITIALIZED_AUTOS = YES_AGGRESSIVE;
				GCC_WARN_UNUSED_FUNCTION = YES;
				GCC_WARN_UNUSED_VARIABLE = YES;
				IPHONEOS_DEPLOYMENT_TARGET = 17.5;
				LOCALIZATION_PREFERS_STRING_CATALOGS = YES;
				MTL_ENABLE_DEBUG_INFO = INCLUDE_SOURCE;
				MTL_FAST_MATH = YES;
				ONLY_ACTIVE_ARCH = YES;
				SDKROOT = iphoneos;
				SWIFT_ACTIVE_COMPILATION_CONDITIONS = "DEBUG $(inherited)";
				SWIFT_OPTIMIZATION_LEVEL = "-Onone";
			};
			name = Debug;
		};
		821ABBB42C158A0D009C38B2 /* Release */ = {
			isa = XCBuildConfiguration;
			buildSettings = {
				ALWAYS_SEARCH_USER_PATHS = NO;
				ASSETCATALOG_COMPILER_GENERATE_SWIFT_ASSET_SYMBOL_EXTENSIONS = YES;
				CLANG_ANALYZER_NONNULL = YES;
				CLANG_ANALYZER_NUMBER_OBJECT_CONVERSION = YES_AGGRESSIVE;
				CLANG_CXX_LANGUAGE_STANDARD = "gnu++20";
				CLANG_ENABLE_MODULES = YES;
				CLANG_ENABLE_OBJC_ARC = YES;
				CLANG_ENABLE_OBJC_WEAK = YES;
				CLANG_WARN_BLOCK_CAPTURE_AUTORELEASING = YES;
				CLANG_WARN_BOOL_CONVERSION = YES;
				CLANG_WARN_COMMA = YES;
				CLANG_WARN_CONSTANT_CONVERSION = YES;
				CLANG_WARN_DEPRECATED_OBJC_IMPLEMENTATIONS = YES;
				CLANG_WARN_DIRECT_OBJC_ISA_USAGE = YES_ERROR;
				CLANG_WARN_DOCUMENTATION_COMMENTS = YES;
				CLANG_WARN_EMPTY_BODY = YES;
				CLANG_WARN_ENUM_CONVERSION = YES;
				CLANG_WARN_INFINITE_RECURSION = YES;
				CLANG_WARN_INT_CONVERSION = YES;
				CLANG_WARN_NON_LITERAL_NULL_CONVERSION = YES;
				CLANG_WARN_OBJC_IMPLICIT_RETAIN_SELF = YES;
				CLANG_WARN_OBJC_LITERAL_CONVERSION = YES;
				CLANG_WARN_OBJC_ROOT_CLASS = YES_ERROR;
				CLANG_WARN_QUOTED_INCLUDE_IN_FRAMEWORK_HEADER = YES;
				CLANG_WARN_RANGE_LOOP_ANALYSIS = YES;
				CLANG_WARN_STRICT_PROTOTYPES = YES;
				CLANG_WARN_SUSPICIOUS_MOVE = YES;
				CLANG_WARN_UNGUARDED_AVAILABILITY = YES_AGGRESSIVE;
				CLANG_WARN_UNREACHABLE_CODE = YES;
				CLANG_WARN__DUPLICATE_METHOD_MATCH = YES;
				COPY_PHASE_STRIP = NO;
				DEBUG_INFORMATION_FORMAT = "dwarf-with-dsym";
				ENABLE_NS_ASSERTIONS = NO;
				ENABLE_STRICT_OBJC_MSGSEND = YES;
				ENABLE_USER_SCRIPT_SANDBOXING = YES;
				GCC_C_LANGUAGE_STANDARD = gnu17;
				GCC_NO_COMMON_BLOCKS = YES;
				GCC_WARN_64_TO_32_BIT_CONVERSION = YES;
				GCC_WARN_ABOUT_RETURN_TYPE = YES_ERROR;
				GCC_WARN_UNDECLARED_SELECTOR = YES;
				GCC_WARN_UNINITIALIZED_AUTOS = YES_AGGRESSIVE;
				GCC_WARN_UNUSED_FUNCTION = YES;
				GCC_WARN_UNUSED_VARIABLE = YES;
				IPHONEOS_DEPLOYMENT_TARGET = 17.5;
				LOCALIZATION_PREFERS_STRING_CATALOGS = YES;
				MTL_ENABLE_DEBUG_INFO = NO;
				MTL_FAST_MATH = YES;
				SDKROOT = iphoneos;
				SWIFT_COMPILATION_MODE = wholemodule;
				VALIDATE_PRODUCT = YES;
			};
			name = Release;
		};
		821ABBB62C158A0D009C38B2 /* Debug */ = {
			isa = XCBuildConfiguration;
			buildSettings = {
				ASSETCATALOG_COMPILER_APPICON_NAME = AppIcon;
				ASSETCATALOG_COMPILER_GLOBAL_ACCENT_COLOR_NAME = AccentColor;
				CODE_SIGN_STYLE = Automatic;
				CURRENT_PROJECT_VERSION = 1;
				DEVELOPMENT_ASSET_PATHS = "\"SwiftDemo/Preview Content\"";
				ENABLE_PREVIEWS = YES;
				GENERATE_INFOPLIST_FILE = YES;
				INFOPLIST_KEY_UIApplicationSceneManifest_Generation = YES;
				INFOPLIST_KEY_UIApplicationSupportsIndirectInputEvents = YES;
				INFOPLIST_KEY_UILaunchScreen_Generation = YES;
				INFOPLIST_KEY_UISupportedInterfaceOrientations_iPad = "UIInterfaceOrientationPortrait UIInterfaceOrientationPortraitUpsideDown UIInterfaceOrientationLandscapeLeft UIInterfaceOrientationLandscapeRight";
				INFOPLIST_KEY_UISupportedInterfaceOrientations_iPhone = "UIInterfaceOrientationPortrait UIInterfaceOrientationLandscapeLeft UIInterfaceOrientationLandscapeRight";
				LD_RUNPATH_SEARCH_PATHS = (
					"$(inherited)",
					"@executable_path/Frameworks",
				);
				MARKETING_VERSION = 1.0;
				PRODUCT_BUNDLE_IDENTIFIER = sss.SwiftDemo;
				PRODUCT_NAME = "$(TARGET_NAME)";
				SWIFT_EMIT_LOC_STRINGS = YES;
				SWIFT_VERSION = 5.0;
				TARGETED_DEVICE_FAMILY = "1,2";
			};
			name = Debug;
		};
		821ABBB72C158A0D009C38B2 /* Release */ = {
			isa = XCBuildConfiguration;
			buildSettings = {
				ASSETCATALOG_COMPILER_APPICON_NAME = AppIcon;
				ASSETCATALOG_COMPILER_GLOBAL_ACCENT_COLOR_NAME = AccentColor;
				CODE_SIGN_STYLE = Automatic;
				CURRENT_PROJECT_VERSION = 1;
				DEVELOPMENT_ASSET_PATHS = "\"SwiftDemo/Preview Content\"";
				ENABLE_PREVIEWS = YES;
				GENERATE_INFOPLIST_FILE = YES;
				INFOPLIST_KEY_UIApplicationSceneManifest_Generation = YES;
				INFOPLIST_KEY_UIApplicationSupportsIndirectInputEvents = YES;
				INFOPLIST_KEY_UILaunchScreen_Generation = YES;
				INFOPLIST_KEY_UISupportedInterfaceOrientations_iPad = "UIInterfaceOrientationPortrait UIInterfaceOrientationPortraitUpsideDown UIInterfaceOrientationLandscapeLeft UIInterfaceOrientationLandscapeRight";
				INFOPLIST_KEY_UISupportedInterfaceOrientations_iPhone = "UIInterfaceOrientationPortrait UIInterfaceOrientationLandscapeLeft UIInterfaceOrientationLandscapeRight";
				LD_RUNPATH_SEARCH_PATHS = (
					"$(inherited)",
					"@executable_path/Frameworks",
				);
				MARKETING_VERSION = 1.0;
				PRODUCT_BUNDLE_IDENTIFIER = sss.SwiftDemo;
				PRODUCT_NAME = "$(TARGET_NAME)";
				SWIFT_EMIT_LOC_STRINGS = YES;
				SWIFT_VERSION = 5.0;
				TARGETED_DEVICE_FAMILY = "1,2";
			};
			name = Release;
		};
/* End XCBuildConfiguration section */

/* Begin XCConfigurationList section */
		821ABBA22C158A0A009C38B2 /* Build configuration list for PBXProject "SwiftDemo" */ = {
			isa = XCConfigurationList;
			buildConfigurations = (
				821ABBB32C158A0D009C38B2 /* Debug */,
				821ABBB42C158A0D009C38B2 /* Release */,
			);
			defaultConfigurationIsVisible = 0;
			defaultConfigurationName = Release;
		};
		821ABBB52C158A0D009C38B2 /* Build configuration list for PBXNativeTarget "SwiftDemo" */ = {
			isa = XCConfigurationList;
			buildConfigurations = (
				821ABBB62C158A0D009C38B2 /* Debug */,
				821ABBB72C158A0D009C38B2 /* Release */,
			);
			defaultConfigurationIsVisible = 0;
			defaultConfigurationName = Release;
		};
/* End XCConfigurationList section */
	};
	rootObject = 821ABB9F2C158A0A009C38B2 /* Project object */;
}
